
Microsoft Visual Studio Solution File, Format Version 12.00
# Visual Studio Version 18
VisualStudioVersion = 18.0.11205.157
MinimumVisualStudioVersion = 10.0.40219.1
Project("{2150E333-8FDC-42A3-9474-1A3956D46DE8}") = "解决方案项", "解决方案项", "{02EA681E-C7D8-13C7-8484-4AC65E1B71E8}"
	ProjectSection(SolutionItems) = preProject
		.gitattributes = .gitattributes
		.gitignore = .gitignore
		Common.props = Common.props
		Directory.Build.props = Directory.Build.props
		Directory.Packages.props = Directory.Packages.props
		LICENSE = LICENSE
		LICENSE_CN = LICENSE_CN
		MergeBlockApplicationLibrary.props = MergeBlockApplicationLibrary.props
		MergeBlockLibrary.props = MergeBlockLibrary.props
		Packable.props = Packable.props
		README.md = README.md
	EndProjectSection
EndProject
Project("{2150E333-8FDC-42A3-9474-1A3956D46DE8}") = "Src", "Src", "{381A051B-C163-48FF-960F-9FC80E092E1D}"
EndProject
Project("{FAE04EC0-301F-11D3-BF4B-00C04F79EFBC}") = "Materal.Gateway.Application", "Materal.Gateway.Application\Materal.Gateway.Application.csproj", "{F58D8FB8-2EA5-23D2-6CC5-6C534ABCA4EE}"
EndProject
Project("{FAE04EC0-301F-11D3-BF4B-00C04F79EFBC}") = "Materal.Gateway.WebAPI", "Materal.Gateway.WebAPI\Materal.Gateway.WebAPI.csproj", "{6497D42D-1A91-6946-4B27-DEB59AEA5BBE}"
EndProject
Project("{FAE04EC0-301F-11D3-BF4B-00C04F79EFBC}") = "Materal.Gateway", "Materal.Gateway\Materal.Gateway.csproj", "{0167834F-8F74-9502-0E94-F2CF9B1D6964}"
EndProject
Project("{2150E333-8FDC-42A3-9474-1A3956D46DE8}") = "Test", "Test", "{ABB3FB0E-970A-43E6-B8CA-B82F863FFE5D}"
EndProject
Project("{FAE04EC0-301F-11D3-BF4B-00C04F79EFBC}") = "MMB.Test.Application", "MMB.Test.Application\MMB.Test.Application.csproj", "{A55A8D21-52AF-4E67-A5F0-55AAE46E4AA7}"
EndProject
Project("{FAE04EC0-301F-11D3-BF4B-00C04F79EFBC}") = "MMB.Test.WebAPI", "MMB.Test.WebAPI\MMB.Test.WebAPI.csproj", "{D578068F-4A9A-46F8-8E81-941900032877}"
EndProject
Project("{FAE04EC0-301F-11D3-BF4B-00C04F79EFBC}") = "Materal.MergeBlock.Consul", "Materal.MergeBlock.Consul\Materal.MergeBlock.Consul.csproj", "{D28EBEB4-CC0E-4E5E-A620-E5BE0ACF30D1}"
EndProject
Global
	GlobalSection(SolutionConfigurationPlatforms) = preSolution
		Debug|Any CPU = Debug|Any CPU
		Release|Any CPU = Release|Any CPU
	EndGlobalSection
	GlobalSection(ProjectConfigurationPlatforms) = postSolution
		{F58D8FB8-2EA5-23D2-6CC5-6C534ABCA4EE}.Debug|Any CPU.ActiveCfg = Debug|Any CPU
		{F58D8FB8-2EA5-23D2-6CC5-6C534ABCA4EE}.Debug|Any CPU.Build.0 = Debug|Any CPU
		{F58D8FB8-2EA5-23D2-6CC5-6C534ABCA4EE}.Release|Any CPU.ActiveCfg = Release|Any CPU
		{F58D8FB8-2EA5-23D2-6CC5-6C534ABCA4EE}.Release|Any CPU.Build.0 = Release|Any CPU
		{6497D42D-1A91-6946-4B27-DEB59AEA5BBE}.Debug|Any CPU.ActiveCfg = Debug|Any CPU
		{6497D42D-1A91-6946-4B27-DEB59AEA5BBE}.Debug|Any CPU.Build.0 = Debug|Any CPU
		{6497D42D-1A91-6946-4B27-DEB59AEA5BBE}.Release|Any CPU.ActiveCfg = Release|Any CPU
		{6497D42D-1A91-6946-4B27-DEB59AEA5BBE}.Release|Any CPU.Build.0 = Release|Any CPU
		{0167834F-8F74-9502-0E94-F2CF9B1D6964}.Debug|Any CPU.ActiveCfg = Debug|Any CPU
		{0167834F-8F74-9502-0E94-F2CF9B1D6964}.Debug|Any CPU.Build.0 = Debug|Any CPU
		{0167834F-8F74-9502-0E94-F2CF9B1D6964}.Release|Any CPU.ActiveCfg = Release|Any CPU
		{0167834F-8F74-9502-0E94-F2CF9B1D6964}.Release|Any CPU.Build.0 = Release|Any CPU
		{A55A8D21-52AF-4E67-A5F0-55AAE46E4AA7}.Debug|Any CPU.ActiveCfg = Debug|Any CPU
		{A55A8D21-52AF-4E67-A5F0-55AAE46E4AA7}.Debug|Any CPU.Build.0 = Debug|Any CPU
		{A55A8D21-52AF-4E67-A5F0-55AAE46E4AA7}.Release|Any CPU.ActiveCfg = Release|Any CPU
		{A55A8D21-52AF-4E67-A5F0-55AAE46E4AA7}.Release|Any CPU.Build.0 = Release|Any CPU
		{D578068F-4A9A-46F8-8E81-941900032877}.Debug|Any CPU.ActiveCfg = Debug|Any CPU
		{D578068F-4A9A-46F8-8E81-941900032877}.Debug|Any CPU.Build.0 = Debug|Any CPU
		{D578068F-4A9A-46F8-8E81-941900032877}.Release|Any CPU.ActiveCfg = Release|Any CPU
		{D578068F-4A9A-46F8-8E81-941900032877}.Release|Any CPU.Build.0 = Release|Any CPU
		{D28EBEB4-CC0E-4E5E-A620-E5BE0ACF30D1}.Debug|Any CPU.ActiveCfg = Debug|Any CPU
		{D28EBEB4-CC0E-4E5E-A620-E5BE0ACF30D1}.Debug|Any CPU.Build.0 = Debug|Any CPU
		{D28EBEB4-CC0E-4E5E-A620-E5BE0ACF30D1}.Release|Any CPU.ActiveCfg = Release|Any CPU
		{D28EBEB4-CC0E-4E5E-A620-E5BE0ACF30D1}.Release|Any CPU.Build.0 = Release|Any CPU
	EndGlobalSection
	GlobalSection(SolutionProperties) = preSolution
		HideSolutionNode = FALSE
	EndGlobalSection
	GlobalSection(NestedProjects) = preSolution
		{F58D8FB8-2EA5-23D2-6CC5-6C534ABCA4EE} = {381A051B-C163-48FF-960F-9FC80E092E1D}
		{6497D42D-1A91-6946-4B27-DEB59AEA5BBE} = {381A051B-C163-48FF-960F-9FC80E092E1D}
		{0167834F-8F74-9502-0E94-F2CF9B1D6964} = {381A051B-C163-48FF-960F-9FC80E092E1D}
		{A55A8D21-52AF-4E67-A5F0-55AAE46E4AA7} = {ABB3FB0E-970A-43E6-B8CA-B82F863FFE5D}
		{D578068F-4A9A-46F8-8E81-941900032877} = {ABB3FB0E-970A-43E6-B8CA-B82F863FFE5D}
		{D28EBEB4-CC0E-4E5E-A620-E5BE0ACF30D1} = {381A051B-C163-48FF-960F-9FC80E092E1D}
	EndGlobalSection
	GlobalSection(ExtensibilityGlobals) = postSolution
		SolutionGuid = {4B4600EB-2FF4-4552-9F1E-C2040102EF86}
	EndGlobalSection
EndGlobal
